
Microsoft Visual Studio Solution File, Format Version 12.00
# Visual Studio 15
VisualStudioVersion = 15.0.28307.852
MinimumVisualStudioVersion = 10.0.40219.1
Project("{FAE04EC0-301F-11D3-BF4B-00C04F79EFBC}") = "CrudBd-Presentacion", "CrudBd-Presentacion\CrudBd-Presentacion.csproj", "{3709FFF3-68F9-45D0-AEDF-5817408CEF2F}"
EndProject
Project("{FAE04EC0-301F-11D3-BF4B-00C04F79EFBC}") = "CrudBd-Logica", "CrudBd-Logica\CrudBd-Logica.csproj", "{EF0B48E1-803E-4B6C-A24F-B600C14F4F53}"
EndProject
Project("{FAE04EC0-301F-11D3-BF4B-00C04F79EFBC}") = "CrudBd-Datos", "ClassLibrary1\CrudBd-Datos.csproj", "{C478CF45-61F1-4F1A-946F-4009BDAC2F98}"
EndProject
Global
	GlobalSection(SolutionConfigurationPlatforms) = preSolution
		Debug|Any CPU = Debug|Any CPU
		Release|Any CPU = Release|Any CPU
	EndGlobalSection
	GlobalSection(ProjectConfigurationPlatforms) = postSolution
		{3709FFF3-68F9-45D0-AEDF-5817408CEF2F}.Debug|Any CPU.ActiveCfg = Debug|Any CPU
		{3709FFF3-68F9-45D0-AEDF-5817408CEF2F}.Debug|Any CPU.Build.0 = Debug|Any CPU
		{3709FFF3-68F9-45D0-AEDF-5817408CEF2F}.Release|Any CPU.ActiveCfg = Release|Any CPU
		{3709FFF3-68F9-45D0-AEDF-5817408CEF2F}.Release|Any CPU.Build.0 = Release|Any CPU
		{EF0B48E1-803E-4B6C-A24F-B600C14F4F53}.Debug|Any CPU.ActiveCfg = Debug|Any CPU
		{EF0B48E1-803E-4B6C-A24F-B600C14F4F53}.Debug|Any CPU.Build.0 = Debug|Any CPU
		{EF0B48E1-803E-4B6C-A24F-B600C14F4F53}.Release|Any CPU.ActiveCfg = Release|Any CPU
		{EF0B48E1-803E-4B6C-A24F-B600C14F4F53}.Release|Any CPU.Build.0 = Release|Any CPU
		{C478CF45-61F1-4F1A-946F-4009BDAC2F98}.Debug|Any CPU.ActiveCfg = Debug|Any CPU
		{C478CF45-61F1-4F1A-946F-4009BDAC2F98}.Debug|Any CPU.Build.0 = Debug|Any CPU
		{C478CF45-61F1-4F1A-946F-4009BDAC2F98}.Release|Any CPU.ActiveCfg = Release|Any CPU
		{C478CF45-61F1-4F1A-946F-4009BDAC2F98}.Release|Any CPU.Build.0 = Release|Any CPU
	EndGlobalSection
	GlobalSection(SolutionProperties) = preSolution
		HideSolutionNode = FALSE
	EndGlobalSection
	GlobalSection(ExtensibilityGlobals) = postSolution
		SolutionGuid = {E86676FE-495B-4C31-95F7-001BACC0644D}
	EndGlobalSection
EndGlobal
